
Microsoft Visual Studio Solution File, Format Version 12.00
# Visual Studio Version 16
VisualStudioVersion = 16.0.31402.337
MinimumVisualStudioVersion = 10.0.40219.1
Project("{FAE04EC0-301F-11D3-BF4B-00C04F79EFBC}") = "Exercise1", "Exercise1\Exercise1.csproj", "{34909E3F-90F6-4B3E-B48E-546BABC95B8F}"
EndProject
Project("{FAE04EC0-301F-11D3-BF4B-00C04F79EFBC}") = "Exercise2", "Exercise2\Exercise2.csproj", "{3A9B4EDD-152C-4A63-94F4-50A9EEB3BC1C}"
EndProject
Project("{FAE04EC0-301F-11D3-BF4B-00C04F79EFBC}") = "Exercise3", "Exercise3\Exercise3.csproj", "{05D6FBA5-413F-4F83-BF60-D765A53D50B2}"
EndProject
Project("{FAE04EC0-301F-11D3-BF4B-00C04F79EFBC}") = "Exercise4", "Exercise4\Exercise4.csproj", "{42F45236-D7E8-4F35-99A0-0FC01C40DB10}"
EndProject
Project("{FAE04EC0-301F-11D3-BF4B-00C04F79EFBC}") = "Exercise5", "Exercise5\Exercise5.csproj", "{E3D5D975-BE11-410E-8855-3174E7A31408}"
EndProject
Project("{FAE04EC0-301F-11D3-BF4B-00C04F79EFBC}") = "Exercise6", "Exercise6\Exercise6.csproj", "{F0904197-FF12-4FBB-B6A0-0045C3448C98}"
EndProject
Project("{FAE04EC0-301F-11D3-BF4B-00C04F79EFBC}") = "Exercise7", "Exercise7\Exercise7.csproj", "{BFA20119-138B-465A-8A41-03955A015F50}"
EndProject
Project("{FAE04EC0-301F-11D3-BF4B-00C04F79EFBC}") = "Exercise8", "Exercise8\Exercise8.csproj", "{73DEF8A3-8FA9-43D2-89E1-4C402ACF801F}"
EndProject
Project("{FAE04EC0-301F-11D3-BF4B-00C04F79EFBC}") = "Exercise9", "Exercise9\Exercise9.csproj", "{05660702-1B7F-434F-BEE3-FF5C91B124F2}"
EndProject
Global
	GlobalSection(SolutionConfigurationPlatforms) = preSolution
		Debug|Any CPU = Debug|Any CPU
		Release|Any CPU = Release|Any CPU
	EndGlobalSection
	GlobalSection(ProjectConfigurationPlatforms) = postSolution
		{34909E3F-90F6-4B3E-B48E-546BABC95B8F}.Debug|Any CPU.ActiveCfg = Debug|Any CPU
		{34909E3F-90F6-4B3E-B48E-546BABC95B8F}.Debug|Any CPU.Build.0 = Debug|Any CPU
		{34909E3F-90F6-4B3E-B48E-546BABC95B8F}.Release|Any CPU.ActiveCfg = Release|Any CPU
		{34909E3F-90F6-4B3E-B48E-546BABC95B8F}.Release|Any CPU.Build.0 = Release|Any CPU
		{3A9B4EDD-152C-4A63-94F4-50A9EEB3BC1C}.Debug|Any CPU.ActiveCfg = Debug|Any CPU
		{3A9B4EDD-152C-4A63-94F4-50A9EEB3BC1C}.Debug|Any CPU.Build.0 = Debug|Any CPU
		{3A9B4EDD-152C-4A63-94F4-50A9EEB3BC1C}.Release|Any CPU.ActiveCfg = Release|Any CPU
		{3A9B4EDD-152C-4A63-94F4-50A9EEB3BC1C}.Release|Any CPU.Build.0 = Release|Any CPU
		{05D6FBA5-413F-4F83-BF60-D765A53D50B2}.Debug|Any CPU.ActiveCfg = Debug|Any CPU
		{05D6FBA5-413F-4F83-BF60-D765A53D50B2}.Debug|Any CPU.Build.0 = Debug|Any CPU
		{05D6FBA5-413F-4F83-BF60-D765A53D50B2}.Release|Any CPU.ActiveCfg = Release|Any CPU
		{05D6FBA5-413F-4F83-BF60-D765A53D50B2}.Release|Any CPU.Build.0 = Release|Any CPU
		{42F45236-D7E8-4F35-99A0-0FC01C40DB10}.Debug|Any CPU.ActiveCfg = Debug|Any CPU
		{42F45236-D7E8-4F35-99A0-0FC01C40DB10}.Debug|Any CPU.Build.0 = Debug|Any CPU
		{42F45236-D7E8-4F35-99A0-0FC01C40DB10}.Release|Any CPU.ActiveCfg = Release|Any CPU
		{42F45236-D7E8-4F35-99A0-0FC01C40DB10}.Release|Any CPU.Build.0 = Release|Any CPU
		{E3D5D975-BE11-410E-8855-3174E7A31408}.Debug|Any CPU.ActiveCfg = Debug|Any CPU
		{E3D5D975-BE11-410E-8855-3174E7A31408}.Debug|Any CPU.Build.0 = Debug|Any CPU
		{E3D5D975-BE11-410E-8855-3174E7A31408}.Release|Any CPU.ActiveCfg = Release|Any CPU
		{E3D5D975-BE11-410E-8855-3174E7A31408}.Release|Any CPU.Build.0 = Release|Any CPU
		{F0904197-FF12-4FBB-B6A0-0045C3448C98}.Debug|Any CPU.ActiveCfg = Debug|Any CPU
		{F0904197-FF12-4FBB-B6A0-0045C3448C98}.Debug|Any CPU.Build.0 = Debug|Any CPU
		{F0904197-FF12-4FBB-B6A0-0045C3448C98}.Release|Any CPU.ActiveCfg = Release|Any CPU
		{F0904197-FF12-4FBB-B6A0-0045C3448C98}.Release|Any CPU.Build.0 = Release|Any CPU
		{BFA20119-138B-465A-8A41-03955A015F50}.Debug|Any CPU.ActiveCfg = Debug|Any CPU
		{BFA20119-138B-465A-8A41-03955A015F50}.Debug|Any CPU.Build.0 = Debug|Any CPU
		{BFA20119-138B-465A-8A41-03955A015F50}.Release|Any CPU.ActiveCfg = Release|Any CPU
		{BFA20119-138B-465A-8A41-03955A015F50}.Release|Any CPU.Build.0 = Release|Any CPU
		{73DEF8A3-8FA9-43D2-89E1-4C402ACF801F}.Debug|Any CPU.ActiveCfg = Debug|Any CPU
		{73DEF8A3-8FA9-43D2-89E1-4C402ACF801F}.Debug|Any CPU.Build.0 = Debug|Any CPU
		{73DEF8A3-8FA9-43D2-89E1-4C402ACF801F}.Release|Any CPU.ActiveCfg = Release|Any CPU
		{73DEF8A3-8FA9-43D2-89E1-4C402ACF801F}.Release|Any CPU.Build.0 = Release|Any CPU
		{05660702-1B7F-434F-BEE3-FF5C91B124F2}.Debug|Any CPU.ActiveCfg = Debug|Any CPU
		{05660702-1B7F-434F-BEE3-FF5C91B124F2}.Debug|Any CPU.Build.0 = Debug|Any CPU
		{05660702-1B7F-434F-BEE3-FF5C91B124F2}.Release|Any CPU.ActiveCfg = Release|Any CPU
		{05660702-1B7F-434F-BEE3-FF5C91B124F2}.Release|Any CPU.Build.0 = Release|Any CPU
	EndGlobalSection
	GlobalSection(SolutionProperties) = preSolution
		HideSolutionNode = FALSE
	EndGlobalSection
	GlobalSection(ExtensibilityGlobals) = postSolution
		SolutionGuid = {CC5D2E7C-5671-4288-B04F-7EF74656A18E}
	EndGlobalSection
EndGlobal
